// !$*UTF8*$!
{
	archiveVersion = 1;
	classes = {
	};
	objectVersion = 46;
	objects = {

/* Begin PBXBuildFile section */
		841FCB4D1C710CE000147A48 /* AppDelegate.swift in Sources */ = {isa = PBXBuildFile; fileRef = 841FCB4C1C710CE000147A48 /* AppDelegate.swift */; };
		841FCB4F1C710CE000147A48 /* ViewController.swift in Sources */ = {isa = PBXBuildFile; fileRef = 841FCB4E1C710CE000147A48 /* ViewController.swift */; };
		841FCB521C710CE000147A48 /* Main.storyboard in Resources */ = {isa = PBXBuildFile; fileRef = 841FCB501C710CE000147A48 /* Main.storyboard */; };
		841FCB541C710CE000147A48 /* Assets.xcassets in Resources */ = {isa = PBXBuildFile; fileRef = 841FCB531C710CE000147A48 /* Assets.xcassets */; };
		841FCB571C710CE000147A48 /* LaunchScreen.storyboard in Resources */ = {isa = PBXBuildFile; fileRef = 841FCB551C710CE000147A48 /* LaunchScreen.storyboard */; };
		841FCB601C710D1C00147A48 /* NPPinCodeField.swift in Sources */ = {isa = PBXBuildFile; fileRef = 841FCB5F1C710D1C00147A48 /* NPPinCodeField.swift */; };
/* End PBXBuildFile section */

/* Begin PBXFileReference section */
		841FCB491C710CE000147A48 /* NPPinCodeExample.app */ = {isa = PBXFileReference; explicitFileType = wrapper.application; includeInIndex = 0; path = NPPinCodeExample.app; sourceTree = BUILT_PRODUCTS_DIR; };
		841FCB4C1C710CE000147A48 /* AppDelegate.swift */ = {isa = PBXFileReference; lastKnownFileType = sourcecode.swift; path = AppDelegate.swift; sourceTree = "<group>"; };
		841FCB4E1C710CE000147A48 /* ViewController.swift */ = {isa = PBXFileReference; lastKnownFileType = sourcecode.swift; path = ViewController.swift; sourceTree = "<group>"; };
		841FCB511C710CE000147A48 /* Base */ = {isa = PBXFileReference; lastKnownFileType = file.storyboard; name = Base; path = Base.lproj/Main.storyboard; sourceTree = "<group>"; };
		841FCB531C710CE000147A48 /* Assets.xcassets */ = {isa = PBXFileReference; lastKnownFileType = folder.assetcatalog; path = Assets.xcassets; sourceTree = "<group>"; };
		841FCB561C710CE000147A48 /* Base */ = {isa = PBXFileReference; lastKnownFileType = file.storyboard; name = Base; path = Base.lproj/LaunchScreen.storyboard; sourceTree = "<group>"; };
		841FCB581C710CE000147A48 /* Info.plist */ = {isa = PBXFileReference; lastKnownFileType = text.plist.xml; path = Info.plist; sourceTree = "<group>"; };
		841FCB5F1C710D1C00147A48 /* NPPinCodeField.swift */ = {isa = PBXFileReference; fileEncoding = 4; lastKnownFileType = sourcecode.swift; path = NPPinCodeField.swift; sourceTree = "<group>"; };
/* End PBXFileReference section */

/* Begin PBXFrameworksBuildPhase section */
		841FCB461C710CE000147A48 /* Frameworks */ = {
			isa = PBXFrameworksBuildPhase;
			buildActionMask = 2147483647;
			files = (
			);
			runOnlyForDeploymentPostprocessing = 0;
		};
/* End PBXFrameworksBuildPhase section */

/* Begin PBXGroup section */
		841FCB401C710CE000147A48 = {
			isa = PBXGroup;
			children = (
				841FCB5E1C710D1C00147A48 /* NPPinCodeField */,
				841FCB4B1C710CE000147A48 /* NPPinCodeExample */,
				841FCB4A1C710CE000147A48 /* Products */,
			);
			sourceTree = "<group>";
		};
		841FCB4A1C710CE000147A48 /* Products */ = {
			isa = PBXGroup;
			children = (
				841FCB491C710CE000147A48 /* NPPinCodeExample.app */,
			);
			name = Products;
			sourceTree = "<group>";
		};
		841FCB4B1C710CE000147A48 /* NPPinCodeExample */ = {
			isa = PBXGroup;
			children = (
				841FCB4C1C710CE000147A48 /* AppDelegate.swift */,
				841FCB4E1C710CE000147A48 /* ViewController.swift */,
				841FCB501C710CE000147A48 /* Main.storyboard */,
				841FCB531C710CE000147A48 /* Assets.xcassets */,
				841FCB551C710CE000147A48 /* LaunchScreen.storyboard */,
				841FCB581C710CE000147A48 /* Info.plist */,
			);
			path = NPPinCodeExample;
			sourceTree = "<group>";
		};
		841FCB5E1C710D1C00147A48 /* NPPinCodeField */ = {
			isa = PBXGroup;
			children = (
				841FCB5F1C710D1C00147A48 /* NPPinCodeField.swift */,
			);
			path = NPPinCodeField;
			sourceTree = "<group>";
		};
/* End PBXGroup section */

/* Begin PBXNativeTarget section */
		841FCB481C710CE000147A48 /* NPPinCodeExample */ = {
			isa = PBXNativeTarget;
			buildConfigurationList = 841FCB5B1C710CE000147A48 /* Build configuration list for PBXNativeTarget "NPPinCodeExample" */;
			buildPhases = (
				841FCB451C710CE000147A48 /* Sources */,
				841FCB461C710CE000147A48 /* Frameworks */,
				841FCB471C710CE000147A48 /* Resources */,
			);
			buildRules = (
			);
			dependencies = (
			);
			name = NPPinCodeExample;
			productName = NPPinCodeExample;
			productReference = 841FCB491C710CE000147A48 /* NPPinCodeExample.app */;
			productType = "com.apple.product-type.application";
		};
/* End PBXNativeTarget section */

/* Begin PBXProject section */
		841FCB411C710CE000147A48 /* Project object */ = {
			isa = PBXProject;
			attributes = {
				LastSwiftUpdateCheck = 0720;
				LastUpgradeCheck = 0720;
				ORGANIZATIONNAME = "Nestor Popko";
				TargetAttributes = {
					841FCB481C710CE000147A48 = {
						CreatedOnToolsVersion = 7.2;
					};
				};
			};
			buildConfigurationList = 841FCB441C710CE000147A48 /* Build configuration list for PBXProject "NPPinCodeExample" */;
			compatibilityVersion = "Xcode 3.2";
			developmentRegion = English;
			hasScannedForEncodings = 0;
			knownRegions = (
				en,
				Base,
			);
			mainGroup = 841FCB401C710CE000147A48;
			productRefGroup = 841FCB4A1C710CE000147A48 /* Products */;
			projectDirPath = "";
			projectRoot = "";
			targets = (
				841FCB481C710CE000147A48 /* NPPinCodeExample */,
			);
		};
/* End PBXProject section */

/* Begin PBXResourcesBuildPhase section */
		841FCB471C710CE000147A48 /* Resources */ = {
			isa = PBXResourcesBuildPhase;
			buildActionMask = 2147483647;
			files = (
				841FCB571C710CE000147A48 /* LaunchScreen.storyboard in Resources */,
				841FCB541C710CE000147A48 /* Assets.xcassets in Resources */,
				841FCB521C710CE000147A48 /* Main.storyboard in Resources */,
			);
			runOnlyForDeploymentPostprocessing = 0;
		};
/* End PBXResourcesBuildPhase section */

/* Begin PBXSourcesBuildPhase section */
		841FCB451C710CE000147A48 /* Sources */ = {
			isa = PBXSourcesBuildPhase;
			buildActionMask = 2147483647;
			files = (
				841FCB4F1C710CE000147A48 /* ViewController.swift in Sources */,
				841FCB4D1C710CE000147A48 /* AppDelegate.swift in Sources */,
				841FCB601C710D1C00147A48 /* NPPinCodeField.swift in Sources */,
			);
			runOnlyForDeploymentPostprocessing = 0;
		};
/* End PBXSourcesBuildPhase section */

/* Begin PBXVariantGroup section */
		841FCB501C710CE000147A48 /* Main.storyboard */ = {
			isa = PBXVariantGroup;
			children = (
				841FCB511C710CE000147A48 /* Base */,
			);
			name = Main.storyboard;
			sourceTree = "<group>";
		};
		841FCB551C710CE000147A48 /* LaunchScreen.storyboard */ = {
			isa = PBXVariantGroup;
			children = (
				841FCB561C710CE000147A48 /* Base */,
			);
			name = LaunchScreen.storyboard;
			sourceTree = "<group>";
		};
/* End PBXVariantGroup section */

/* Begin XCBuildConfiguration section */
		841FCB591C710CE000147A48 /* Debug */ = {
			isa = XCBuildConfiguration;
			buildSettings = {
				ALWAYS_SEARCH_USER_PATHS = NO;
				CLANG_CXX_LANGUAGE_STANDARD = "gnu++0x";
				CLANG_CXX_LIBRARY = "libc++";
				CLANG_ENABLE_MODULES = YES;
				CLANG_ENABLE_OBJC_ARC = YES;
				CLANG_WARN_BOOL_CONVERSION = YES;
				CLANG_WARN_CONSTANT_CONVERSION = YES;
				CLANG_WARN_DIRECT_OBJC_ISA_USAGE = YES_ERROR;
				CLANG_WARN_EMPTY_BODY = YES;
				CLANG_WARN_ENUM_CONVERSION = YES;
				CLANG_WARN_INT_CONVERSION = YES;
				CLANG_WARN_OBJC_ROOT_CLASS = YES_ERROR;
				CLANG_WARN_UNREACHABLE_CODE = YES;
				CLANG_WARN__DUPLICATE_METHOD_MATCH = YES;
				"CODE_SIGN_IDENTITY[sdk=iphoneos*]" = "iPhone Developer";
				COPY_PHASE_STRIP = NO;
				DEBUG_INFORMATION_FORMAT = dwarf;
				ENABLE_STRICT_OBJC_MSGSEND = YES;
				ENABLE_TESTABILITY = YES;
				GCC_C_LANGUAGE_STANDARD = gnu99;
				GCC_DYNAMIC_NO_PIC = NO;
				GCC_NO_COMMON_BLOCKS = YES;
				GCC_OPTIMIZATION_LEVEL = 0;
				GCC_PREPROCESSOR_DEFINITIONS = (
					"DEBUG=1",
					"$(inherited)",
				);
				GCC_WARN_64_TO_32_BIT_CONVERSION = YES;
				GCC_WARN_ABOUT_RETURN_TYPE = YES_ERROR;
				GCC_WARN_UNDECLARED_SELECTOR = YES;
				GCC_WARN_UNINITIALIZED_AUTOS = YES_AGGRESSIVE;
				GCC_WARN_UNUSED_FUNCTION = YES;
				GCC_WARN_UNUSED_VARIABLE = YES;
				IPHONEOS_DEPLOYMENT_TARGET = 9.2;
				MTL_ENABLE_DEBUG_INFO = YES;
				ONLY_ACTIVE_ARCH = YES;
				SDKROOT = iphoneos;
				SWIFT_OPTIMIZATION_LEVEL = "-Onone";
			};
			name = Debug;
		};
		841FCB5A1C710CE000147A48 /* Release */ = {
			isa = XCBuildConfiguration;
			buildSettings = {
				ALWAYS_SEARCH_USER_PATHS = NO;
				CLANG_CXX_LANGUAGE_STANDARD = "gnu++0x";
				CLANG_CXX_LIBRARY = "libc++";
				CLANG_ENABLE_MODULES = YES;
				CLANG_ENABLE_OBJC_ARC = YES;
				CLANG_WARN_BOOL_CONVERSION = YES;
				CLANG_WARN_CONSTANT_CONVERSION = YES;
				CLANG_WARN_DIRECT_OBJC_ISA_USAGE = YES_ERROR;
				CLANG_WARN_EMPTY_BODY = YES;
				CLANG_WARN_ENUM_CONVERSION = YES;
				CLANG_WARN_INT_CONVERSION = YES;
				CLANG_WARN_OBJC_ROOT_CLASS = YES_ERROR;
				CLANG_WARN_UNREACHABLE_CODE = YES;
				CLANG_WARN__DUPLICATE_METHOD_MATCH = YES;
				"CODE_SIGN_IDENTITY[sdk=iphoneos*]" = "iPhone Developer";
				COPY_PHASE_STRIP = NO;
				DEBUG_INFORMATION_FORMAT = "dwarf-with-dsym";
				ENABLE_NS_ASSERTIONS = NO;
				ENABLE_STRICT_OBJC_MSGSEND = YES;
				GCC_C_LANGUAGE_STANDARD = gnu99;
				GCC_NO_COMMON_BLOCKS = YES;
				GCC_WARN_64_TO_32_BIT_CONVERSION = YES;
				GCC_WARN_ABOUT_RETURN_TYPE = YES_ERROR;
				GCC_WARN_UNDECLARED_SELECTOR = YES;
				GCC_WARN_UNINITIALIZED_AUTOS = YES_AGGRESSIVE;
				GCC_WARN_UNUSED_FUNCTION = YES;
				GCC_WARN_UNUSED_VARIABLE = YES;
				IPHONEOS_DEPLOYMENT_TARGET = 9.2;
				MTL_ENABLE_DEBUG_INFO = NO;
				SDKROOT = iphoneos;
				VALIDATE_PRODUCT = YES;
			};
			name = Release;
		};
		841FCB5C1C710CE000147A48 /* Debug */ = {
			isa = XCBuildConfiguration;
			buildSettings = {
				ASSETCATALOG_COMPILER_APPICON_NAME = AppIcon;
				INFOPLIST_FILE = NPPinCodeExample/Info.plist;
				LD_RUNPATH_SEARCH_PATHS = "$(inherited) @executable_path/Frameworks";
				PRODUCT_BUNDLE_IDENTIFIER = com.nestor.NPPinCodeExample;
				PRODUCT_NAME = "$(TARGET_NAME)";
				SWIFT_VERSION = 4.0;
			};
			name = Debug;
		};
		841FCB5D1C710CE000147A48 /* Release */ = {
			isa = XCBuildConfiguration;
			buildSettings = {
				ASSETCATALOG_COMPILER_APPICON_NAME = AppIcon;
				INFOPLIST_FILE = NPPinCodeExample/Info.plist;
				LD_RUNPATH_SEARCH_PATHS = "$(inherited) @executable_path/Frameworks";
				PRODUCT_BUNDLE_IDENTIFIER = com.nestor.NPPinCodeExample;
				PRODUCT_NAME = "$(TARGET_NAME)";
				SWIFT_VERSION = 4.0;
			};
			name = Release;
		};
/* End XCBuildConfiguration section */

/* Begin XCConfigurationList section */
		841FCB441C710CE000147A48 /* Build configuration list for PBXProject "NPPinCodeExample" */ = {
			isa = XCConfigurationList;
			buildConfigurations = (
				841FCB591C710CE000147A48 /* Debug */,
				841FCB5A1C710CE000147A48 /* Release */,
			);
			defaultConfigurationIsVisible = 0;
			defaultConfigurationName = Release;
		};
		841FCB5B1C710CE000147A48 /* Build configuration list for PBXNativeTarget "NPPinCodeExample" */ = {
			isa = XCConfigurationList;
			buildConfigurations = (
				841FCB5C1C710CE000147A48 /* Debug */,
				841FCB5D1C710CE000147A48 /* Release */,
			);
			defaultConfigurationIsVisible = 0;
			defaultConfigurationName = Release;
		};
/* End XCConfigurationList section */
	};
	rootObject = 841FCB411C710CE000147A48 /* Project object */;
}
